
Microsoft Visual Studio Solution File, Format Version 11.00
# Visual Studio 2010
Project("{F184B08F-C81C-45F6-A57F-5ABD9991F28F}") = "TestCCnet", "TestCCnet\TestCCnet.vbproj", "{17AAD5F5-523C-4F14-B508-63539C1742A6}"
EndProject
Project("{2150E333-8FDC-42A3-9474-1A3956D46DE8}") = "Solution Items", "Solution Items", "{3485F2C5-C344-4A22-807C-A043E664AFCA}"
	ProjectSection(SolutionItems) = preProject
		Local.testsettings = Local.testsettings
		TestCCnet.vsmdi = TestCCnet.vsmdi
		TraceAndTestImpact.testsettings = TraceAndTestImpact.testsettings
	EndProjectSection
EndProject
Project("{F184B08F-C81C-45F6-A57F-5ABD9991F28F}") = "TestMS", "TestMS\TestMS.vbproj", "{62CA64BA-B813-413A-A134-047F206D6D95}"
EndProject
Global
	GlobalSection(TestCaseManagementSettings) = postSolution
		CategoryFile = TestCCnet.vsmdi
	EndGlobalSection
	GlobalSection(SolutionConfigurationPlatforms) = preSolution
		Debug|Any CPU = Debug|Any CPU
		Debug|x86 = Debug|x86
		Release|Any CPU = Release|Any CPU
		Release|x86 = Release|x86
	EndGlobalSection
	GlobalSection(ProjectConfigurationPlatforms) = postSolution
		{17AAD5F5-523C-4F14-B508-63539C1742A6}.Debug|Any CPU.ActiveCfg = Debug|Any CPU
		{17AAD5F5-523C-4F14-B508-63539C1742A6}.Debug|Any CPU.Build.0 = Debug|Any CPU
		{17AAD5F5-523C-4F14-B508-63539C1742A6}.Debug|x86.ActiveCfg = Debug|x86
		{17AAD5F5-523C-4F14-B508-63539C1742A6}.Debug|x86.Build.0 = Debug|x86
		{17AAD5F5-523C-4F14-B508-63539C1742A6}.Release|Any CPU.ActiveCfg = Release|Any CPU
		{17AAD5F5-523C-4F14-B508-63539C1742A6}.Release|Any CPU.Build.0 = Release|Any CPU
		{17AAD5F5-523C-4F14-B508-63539C1742A6}.Release|x86.ActiveCfg = Release|x86
		{17AAD5F5-523C-4F14-B508-63539C1742A6}.Release|x86.Build.0 = Release|x86
		{62CA64BA-B813-413A-A134-047F206D6D95}.Debug|Any CPU.ActiveCfg = Debug|Any CPU
		{62CA64BA-B813-413A-A134-047F206D6D95}.Debug|Any CPU.Build.0 = Debug|Any CPU
		{62CA64BA-B813-413A-A134-047F206D6D95}.Debug|x86.ActiveCfg = Debug|Any CPU
		{62CA64BA-B813-413A-A134-047F206D6D95}.Release|Any CPU.ActiveCfg = Release|Any CPU
		{62CA64BA-B813-413A-A134-047F206D6D95}.Release|Any CPU.Build.0 = Release|Any CPU
		{62CA64BA-B813-413A-A134-047F206D6D95}.Release|x86.ActiveCfg = Release|Any CPU
	EndGlobalSection
	GlobalSection(SolutionProperties) = preSolution
		HideSolutionNode = FALSE
	EndGlobalSection
EndGlobal
